
Microsoft Visual Studio Solution File, Format Version 12.00
# Visual Studio Version 16
VisualStudioVersion = 16.0.34114.132
MinimumVisualStudioVersion = 10.0.40219.1
Project("{FAE04EC0-301F-11D3-BF4B-00C04F79EFBC}") = "BulkyBookWeb", "BulkyBookWeb\BulkyBookWeb.csproj", "{A9E33463-9163-489A-9B9F-F5AD7E8BF995}"
EndProject
Global
	GlobalSection(SolutionConfigurationPlatforms) = preSolution
		Debug|Any CPU = Debug|Any CPU
		Release|Any CPU = Release|Any CPU
	EndGlobalSection
	GlobalSection(ProjectConfigurationPlatforms) = postSolution
		{A9E33463-9163-489A-9B9F-F5AD7E8BF995}.Debug|Any CPU.ActiveCfg = Debug|Any CPU
		{A9E33463-9163-489A-9B9F-F5AD7E8BF995}.Debug|Any CPU.Build.0 = Debug|Any CPU
		{A9E33463-9163-489A-9B9F-F5AD7E8BF995}.Release|Any CPU.ActiveCfg = Release|Any CPU
		{A9E33463-9163-489A-9B9F-F5AD7E8BF995}.Release|Any CPU.Build.0 = Release|Any CPU
	EndGlobalSection
	GlobalSection(SolutionProperties) = preSolution
		HideSolutionNode = FALSE
	EndGlobalSection
	GlobalSection(ExtensibilityGlobals) = postSolution
		SolutionGuid = {92AE5FC9-08C0-4944-A424-A632CB6187DC}
	EndGlobalSection
EndGlobal
